// !$*UTF8*$!
{
	archiveVersion = 1;
	classes = {
	};
	objectVersion = 56;
	objects = {

/* Begin PBXBuildFile section */
		3FB0875753B9123C85B4AF43 /* Pods_Task.framework in Frameworks */ = {isa = PBXBuildFile; fileRef = 17711AD03D4AC29A3E68D375 /* Pods_Task.framework */; };
		98656AE32A2F731800D650EB /* LogInViewController.swift in Sources */ = {isa = PBXBuildFile; fileRef = 98656AE22A2F731800D650EB /* LogInViewController.swift */; };
		98656AE72A2F751F00D650EB /* SideMenuCell.xib in Resources */ = {isa = PBXBuildFile; fileRef = 98656AE62A2F751F00D650EB /* SideMenuCell.xib */; };
		98656AE92A2F752700D650EB /* SideMenuCell.swift in Sources */ = {isa = PBXBuildFile; fileRef = 98656AE82A2F752700D650EB /* SideMenuCell.swift */; };
		98656AEB2A2F753100D650EB /* SideMenuModel.swift in Sources */ = {isa = PBXBuildFile; fileRef = 98656AEA2A2F753100D650EB /* SideMenuModel.swift */; };
		98656AED2A2F754600D650EB /* SideMenuViewController.swift in Sources */ = {isa = PBXBuildFile; fileRef = 98656AEC2A2F754600D650EB /* SideMenuViewController.swift */; };
		98656AEF2A2F755A00D650EB /* MainViewController.swift in Sources */ = {isa = PBXBuildFile; fileRef = 98656AEE2A2F755A00D650EB /* MainViewController.swift */; };
		986B92CE2A2E1B4900B46D69 /* HomeViewController.swift in Sources */ = {isa = PBXBuildFile; fileRef = 986B92CD2A2E1B4900B46D69 /* HomeViewController.swift */; };
		986B92D02A2E1B7300B46D69 /* MusicViewController.swift in Sources */ = {isa = PBXBuildFile; fileRef = 986B92CF2A2E1B7300B46D69 /* MusicViewController.swift */; };
		986B92D22A2E1B8200B46D69 /* BooksViewController.swift in Sources */ = {isa = PBXBuildFile; fileRef = 986B92D12A2E1B8200B46D69 /* BooksViewController.swift */; };
		986B92D42A2E1B9200B46D69 /* MovieViewController.swift in Sources */ = {isa = PBXBuildFile; fileRef = 986B92D32A2E1B9200B46D69 /* MovieViewController.swift */; };
		986B92D62A2E1BA200B46D69 /* ProfileViewController.swift in Sources */ = {isa = PBXBuildFile; fileRef = 986B92D52A2E1BA200B46D69 /* ProfileViewController.swift */; };
		986B92D82A2E1BB100B46D69 /* SettingsViewController.swift in Sources */ = {isa = PBXBuildFile; fileRef = 986B92D72A2E1BB100B46D69 /* SettingsViewController.swift */; };
		988F43252A3195DC007681D3 /* Model.swift in Sources */ = {isa = PBXBuildFile; fileRef = 988F43242A3195DC007681D3 /* Model.swift */; };
		98CF217E2A2DA8D10031AF09 /* Main.storyboard in Resources */ = {isa = PBXBuildFile; fileRef = 98CF217C2A2DA8D10031AF09 /* Main.storyboard */; };
		98CF21832A2DA8D90031AF09 /* LaunchScreen.storyboard in Resources */ = {isa = PBXBuildFile; fileRef = 98CF21812A2DA8D90031AF09 /* LaunchScreen.storyboard */; };
		98EB73B72A30AEC500DCB982 /* AppDelegate.swift in Sources */ = {isa = PBXBuildFile; fileRef = 98EB73B52A30AEC500DCB982 /* AppDelegate.swift */; };
		98EB73B82A30AEC500DCB982 /* SceneDelegate.swift in Sources */ = {isa = PBXBuildFile; fileRef = 98EB73B62A30AEC500DCB982 /* SceneDelegate.swift */; };
		98F60A3F2A32EB45000FD5F9 /* File.swift in Sources */ = {isa = PBXBuildFile; fileRef = 98F60A3E2A32EB45000FD5F9 /* File.swift */; };
		98F60A432A33068E000FD5F9 /* UIApplication + Extension.swift in Sources */ = {isa = PBXBuildFile; fileRef = 98F60A422A33068E000FD5F9 /* UIApplication + Extension.swift */; };
/* End PBXBuildFile section */

/* Begin PBXFileReference section */
		17711AD03D4AC29A3E68D375 /* Pods_Task.framework */ = {isa = PBXFileReference; explicitFileType = wrapper.framework; includeInIndex = 0; path = Pods_Task.framework; sourceTree = BUILT_PRODUCTS_DIR; };
		3339553DC810F849A355416D /* Pods-Task.release.xcconfig */ = {isa = PBXFileReference; includeInIndex = 1; lastKnownFileType = text.xcconfig; name = "Pods-Task.release.xcconfig"; path = "Target Support Files/Pods-Task/Pods-Task.release.xcconfig"; sourceTree = "<group>"; };
		98656AE22A2F731800D650EB /* LogInViewController.swift */ = {isa = PBXFileReference; fileEncoding = 4; lastKnownFileType = sourcecode.swift; path = LogInViewController.swift; sourceTree = "<group>"; };
		98656AE62A2F751F00D650EB /* SideMenuCell.xib */ = {isa = PBXFileReference; fileEncoding = 4; lastKnownFileType = file.xib; path = SideMenuCell.xib; sourceTree = "<group>"; };
		98656AE82A2F752700D650EB /* SideMenuCell.swift */ = {isa = PBXFileReference; fileEncoding = 4; lastKnownFileType = sourcecode.swift; path = SideMenuCell.swift; sourceTree = "<group>"; };
		98656AEA2A2F753100D650EB /* SideMenuModel.swift */ = {isa = PBXFileReference; fileEncoding = 4; lastKnownFileType = sourcecode.swift; path = SideMenuModel.swift; sourceTree = "<group>"; };
		98656AEC2A2F754600D650EB /* SideMenuViewController.swift */ = {isa = PBXFileReference; fileEncoding = 4; lastKnownFileType = sourcecode.swift; path = SideMenuViewController.swift; sourceTree = "<group>"; };
		98656AEE2A2F755A00D650EB /* MainViewController.swift */ = {isa = PBXFileReference; fileEncoding = 4; lastKnownFileType = sourcecode.swift; path = MainViewController.swift; sourceTree = "<group>"; };
		986B92CD2A2E1B4900B46D69 /* HomeViewController.swift */ = {isa = PBXFileReference; lastKnownFileType = sourcecode.swift; path = HomeViewController.swift; sourceTree = "<group>"; };
		986B92CF2A2E1B7300B46D69 /* MusicViewController.swift */ = {isa = PBXFileReference; lastKnownFileType = sourcecode.swift; path = MusicViewController.swift; sourceTree = "<group>"; };
		986B92D12A2E1B8200B46D69 /* BooksViewController.swift */ = {isa = PBXFileReference; lastKnownFileType = sourcecode.swift; path = BooksViewController.swift; sourceTree = "<group>"; };
		986B92D32A2E1B9200B46D69 /* MovieViewController.swift */ = {isa = PBXFileReference; lastKnownFileType = sourcecode.swift; path = MovieViewController.swift; sourceTree = "<group>"; };
		986B92D52A2E1BA200B46D69 /* ProfileViewController.swift */ = {isa = PBXFileReference; lastKnownFileType = sourcecode.swift; path = ProfileViewController.swift; sourceTree = "<group>"; };
		986B92D72A2E1BB100B46D69 /* SettingsViewController.swift */ = {isa = PBXFileReference; lastKnownFileType = sourcecode.swift; path = SettingsViewController.swift; sourceTree = "<group>"; };
		988F43242A3195DC007681D3 /* Model.swift */ = {isa = PBXFileReference; lastKnownFileType = sourcecode.swift; path = Model.swift; sourceTree = "<group>"; };
		98CF21732A2DA8D10031AF09 /* Task.app */ = {isa = PBXFileReference; explicitFileType = wrapper.application; includeInIndex = 0; path = Task.app; sourceTree = BUILT_PRODUCTS_DIR; };
		98CF217D2A2DA8D10031AF09 /* Base */ = {isa = PBXFileReference; lastKnownFileType = file.storyboard; name = Base; path = Base.lproj/Main.storyboard; sourceTree = "<group>"; };
		98CF21822A2DA8D90031AF09 /* Base */ = {isa = PBXFileReference; lastKnownFileType = file.storyboard; name = Base; path = Base.lproj/LaunchScreen.storyboard; sourceTree = "<group>"; };
		98CF21842A2DA8D90031AF09 /* Info.plist */ = {isa = PBXFileReference; lastKnownFileType = text.plist.xml; path = Info.plist; sourceTree = "<group>"; };
		98EB73B52A30AEC500DCB982 /* AppDelegate.swift */ = {isa = PBXFileReference; fileEncoding = 4; lastKnownFileType = sourcecode.swift; path = AppDelegate.swift; sourceTree = "<group>"; };
		98EB73B62A30AEC500DCB982 /* SceneDelegate.swift */ = {isa = PBXFileReference; fileEncoding = 4; lastKnownFileType = sourcecode.swift; path = SceneDelegate.swift; sourceTree = "<group>"; };
		98F60A3E2A32EB45000FD5F9 /* File.swift */ = {isa = PBXFileReference; lastKnownFileType = sourcecode.swift; path = File.swift; sourceTree = "<group>"; };
		98F60A422A33068E000FD5F9 /* UIApplication + Extension.swift */ = {isa = PBXFileReference; lastKnownFileType = sourcecode.swift; path = "UIApplication + Extension.swift"; sourceTree = "<group>"; };
		ADB490B834DCD98E92A5D34A /* Pods-Task.debug.xcconfig */ = {isa = PBXFileReference; includeInIndex = 1; lastKnownFileType = text.xcconfig; name = "Pods-Task.debug.xcconfig"; path = "Target Support Files/Pods-Task/Pods-Task.debug.xcconfig"; sourceTree = "<group>"; };
/* End PBXFileReference section */

/* Begin PBXFrameworksBuildPhase section */
		98CF21702A2DA8D00031AF09 /* Frameworks */ = {
			isa = PBXFrameworksBuildPhase;
			buildActionMask = 2147483647;
			files = (
				3FB0875753B9123C85B4AF43 /* Pods_Task.framework in Frameworks */,
			);
			runOnlyForDeploymentPostprocessing = 0;
		};
/* End PBXFrameworksBuildPhase section */

/* Begin PBXGroup section */
		0688AB0CB0C04A1D741DF2F7 /* Frameworks */ = {
			isa = PBXGroup;
			children = (
				17711AD03D4AC29A3E68D375 /* Pods_Task.framework */,
			);
			name = Frameworks;
			sourceTree = "<group>";
		};
		1BC54563872F1D272AE0813E /* Pods */ = {
			isa = PBXGroup;
			children = (
				ADB490B834DCD98E92A5D34A /* Pods-Task.debug.xcconfig */,
				3339553DC810F849A355416D /* Pods-Task.release.xcconfig */,
			);
			path = Pods;
			sourceTree = "<group>";
		};
		98656AE42A2F74EF00D650EB /* cell */ = {
			isa = PBXGroup;
			children = (
				98656AE82A2F752700D650EB /* SideMenuCell.swift */,
				98656AE62A2F751F00D650EB /* SideMenuCell.xib */,
			);
			path = cell;
			sourceTree = "<group>";
		};
		98656AE52A2F74FB00D650EB /* sidemenu */ = {
			isa = PBXGroup;
			children = (
				98656AEA2A2F753100D650EB /* SideMenuModel.swift */,
				98656AEC2A2F754600D650EB /* SideMenuViewController.swift */,
			);
			path = sidemenu;
			sourceTree = "<group>";
		};
		986B92CB2A2E191500B46D69 /* tabCellVc */ = {
			isa = PBXGroup;
			children = (
				986B92CD2A2E1B4900B46D69 /* HomeViewController.swift */,
				986B92CF2A2E1B7300B46D69 /* MusicViewController.swift */,
				986B92D12A2E1B8200B46D69 /* BooksViewController.swift */,
				986B92D32A2E1B9200B46D69 /* MovieViewController.swift */,
				986B92D52A2E1BA200B46D69 /* ProfileViewController.swift */,
				986B92D72A2E1BB100B46D69 /* SettingsViewController.swift */,
			);
			path = tabCellVc;
			sourceTree = "<group>";
		};
		988F43232A3195C3007681D3 /* model */ = {
			isa = PBXGroup;
			children = (
				988F43242A3195DC007681D3 /* Model.swift */,
			);
			path = model;
			sourceTree = "<group>";
		};
		98CF216A2A2DA8CF0031AF09 = {
			isa = PBXGroup;
			children = (
				98CF21752A2DA8D10031AF09 /* Task */,
				98CF21742A2DA8D10031AF09 /* Products */,
				1BC54563872F1D272AE0813E /* Pods */,
				0688AB0CB0C04A1D741DF2F7 /* Frameworks */,
			);
			sourceTree = "<group>";
		};
		98CF21742A2DA8D10031AF09 /* Products */ = {
			isa = PBXGroup;
			children = (
				98CF21732A2DA8D10031AF09 /* Task.app */,
			);
			name = Products;
			sourceTree = "<group>";
		};
		98CF21752A2DA8D10031AF09 /* Task */ = {
			isa = PBXGroup;
			children = (
				98F60A402A3305E5000FD5F9 /* Extensions */,
				98F60A3D2A32EB13000FD5F9 /* Extras */,
				98CF218F2A2DAE1C0031AF09 /* Delegates */,
				988F43232A3195C3007681D3 /* model */,
				98656AE52A2F74FB00D650EB /* sidemenu */,
				98656AE42A2F74EF00D650EB /* cell */,
				986B92CB2A2E191500B46D69 /* tabCellVc */,
				98CF218A2A2DA90B0031AF09 /* Main */,
				98CF217C2A2DA8D10031AF09 /* Main.storyboard */,
				98CF21812A2DA8D90031AF09 /* LaunchScreen.storyboard */,
				98CF21842A2DA8D90031AF09 /* Info.plist */,
			);
			path = Task;
			sourceTree = "<group>";
		};
		98CF218A2A2DA90B0031AF09 /* Main */ = {
			isa = PBXGroup;
			children = (
				98656AE22A2F731800D650EB /* LogInViewController.swift */,
				98656AEE2A2F755A00D650EB /* MainViewController.swift */,
			);
			path = Main;
			sourceTree = "<group>";
		};
		98CF218F2A2DAE1C0031AF09 /* Delegates */ = {
			isa = PBXGroup;
			children = (
				98EB73B52A30AEC500DCB982 /* AppDelegate.swift */,
				98EB73B62A30AEC500DCB982 /* SceneDelegate.swift */,
			);
			path = Delegates;
			sourceTree = "<group>";
		};
		98F60A3D2A32EB13000FD5F9 /* Extras */ = {
			isa = PBXGroup;
			children = (
				98F60A3E2A32EB45000FD5F9 /* File.swift */,
			);
			path = Extras;
			sourceTree = "<group>";
		};
		98F60A402A3305E5000FD5F9 /* Extensions */ = {
			isa = PBXGroup;
			children = (
				98F60A422A33068E000FD5F9 /* UIApplication + Extension.swift */,
			);
			path = Extensions;
			sourceTree = "<group>";
		};
/* End PBXGroup section */

/* Begin PBXNativeTarget section */
		98CF21722A2DA8D00031AF09 /* Task */ = {
			isa = PBXNativeTarget;
			buildConfigurationList = 98CF21872A2DA8D90031AF09 /* Build configuration list for PBXNativeTarget "Task" */;
			buildPhases = (
				7731B684B5E0A1507C61BA22 /* [CP] Check Pods Manifest.lock */,
				98CF216F2A2DA8D00031AF09 /* Sources */,
				98CF21702A2DA8D00031AF09 /* Frameworks */,
				98CF21712A2DA8D00031AF09 /* Resources */,
				DA073015BCACE5D359736BBE /* [CP] Embed Pods Frameworks */,
			);
			buildRules = (
			);
			dependencies = (
			);
			name = Task;
			productName = Task;
			productReference = 98CF21732A2DA8D10031AF09 /* Task.app */;
			productType = "com.apple.product-type.application";
		};
/* End PBXNativeTarget section */

/* Begin PBXProject section */
		98CF216B2A2DA8CF0031AF09 /* Project object */ = {
			isa = PBXProject;
			attributes = {
				BuildIndependentTargetsInParallel = 1;
				LastSwiftUpdateCheck = 1430;
				LastUpgradeCheck = 1430;
				TargetAttributes = {
					98CF21722A2DA8D00031AF09 = {
						CreatedOnToolsVersion = 14.3;
					};
				};
			};
			buildConfigurationList = 98CF216E2A2DA8D00031AF09 /* Build configuration list for PBXProject "Task" */;
			compatibilityVersion = "Xcode 14.0";
			developmentRegion = en;
			hasScannedForEncodings = 0;
			knownRegions = (
				en,
				Base,
			);
			mainGroup = 98CF216A2A2DA8CF0031AF09;
			productRefGroup = 98CF21742A2DA8D10031AF09 /* Products */;
			projectDirPath = "";
			projectRoot = "";
			targets = (
				98CF21722A2DA8D00031AF09 /* Task */,
			);
		};
/* End PBXProject section */

/* Begin PBXResourcesBuildPhase section */
		98CF21712A2DA8D00031AF09 /* Resources */ = {
			isa = PBXResourcesBuildPhase;
			buildActionMask = 2147483647;
			files = (
				98CF21832A2DA8D90031AF09 /* LaunchScreen.storyboard in Resources */,
				98CF217E2A2DA8D10031AF09 /* Main.storyboard in Resources */,
				98656AE72A2F751F00D650EB /* SideMenuCell.xib in Resources */,
			);
			runOnlyForDeploymentPostprocessing = 0;
		};
/* End PBXResourcesBuildPhase section */

/* Begin PBXShellScriptBuildPhase section */
		7731B684B5E0A1507C61BA22 /* [CP] Check Pods Manifest.lock */ = {
			isa = PBXShellScriptBuildPhase;
			buildActionMask = 2147483647;
			files = (
			);
			inputFileListPaths = (
			);
			inputPaths = (
				"${PODS_PODFILE_DIR_PATH}/Podfile.lock",
				"${PODS_ROOT}/Manifest.lock",
			);
			name = "[CP] Check Pods Manifest.lock";
			outputFileListPaths = (
			);
			outputPaths = (
				"$(DERIVED_FILE_DIR)/Pods-Task-checkManifestLockResult.txt",
			);
			runOnlyForDeploymentPostprocessing = 0;
			shellPath = /bin/sh;
			shellScript = "diff \"${PODS_PODFILE_DIR_PATH}/Podfile.lock\" \"${PODS_ROOT}/Manifest.lock\" > /dev/null\nif [ $? != 0 ] ; then\n    # print error to STDERR\n    echo \"error: The sandbox is not in sync with the Podfile.lock. Run 'pod install' or update your CocoaPods installation.\" >&2\n    exit 1\nfi\n# This output is used by Xcode 'outputs' to avoid re-running this script phase.\necho \"SUCCESS\" > \"${SCRIPT_OUTPUT_FILE_0}\"\n";
			showEnvVarsInLog = 0;
		};
		DA073015BCACE5D359736BBE /* [CP] Embed Pods Frameworks */ = {
			isa = PBXShellScriptBuildPhase;
			buildActionMask = 2147483647;
			files = (
			);
			inputFileListPaths = (
				"${PODS_ROOT}/Target Support Files/Pods-Task/Pods-Task-frameworks-${CONFIGURATION}-input-files.xcfilelist",
			);
			name = "[CP] Embed Pods Frameworks";
			outputFileListPaths = (
				"${PODS_ROOT}/Target Support Files/Pods-Task/Pods-Task-frameworks-${CONFIGURATION}-output-files.xcfilelist",
			);
			runOnlyForDeploymentPostprocessing = 0;
			shellPath = /bin/sh;
			shellScript = "\"${PODS_ROOT}/Target Support Files/Pods-Task/Pods-Task-frameworks.sh\"\n";
			showEnvVarsInLog = 0;
		};
/* End PBXShellScriptBuildPhase section */

/* Begin PBXSourcesBuildPhase section */
		98CF216F2A2DA8D00031AF09 /* Sources */ = {
			isa = PBXSourcesBuildPhase;
			buildActionMask = 2147483647;
			files = (
				98EB73B72A30AEC500DCB982 /* AppDelegate.swift in Sources */,
				98656AE32A2F731800D650EB /* LogInViewController.swift in Sources */,
				98656AEF2A2F755A00D650EB /* MainViewController.swift in Sources */,
				98656AE92A2F752700D650EB /* SideMenuCell.swift in Sources */,
				986B92D42A2E1B9200B46D69 /* MovieViewController.swift in Sources */,
				98656AED2A2F754600D650EB /* SideMenuViewController.swift in Sources */,
				986B92D02A2E1B7300B46D69 /* MusicViewController.swift in Sources */,
				988F43252A3195DC007681D3 /* Model.swift in Sources */,
				98656AEB2A2F753100D650EB /* SideMenuModel.swift in Sources */,
				98EB73B82A30AEC500DCB982 /* SceneDelegate.swift in Sources */,
				98F60A432A33068E000FD5F9 /* UIApplication + Extension.swift in Sources */,
				98F60A3F2A32EB45000FD5F9 /* File.swift in Sources */,
				986B92D62A2E1BA200B46D69 /* ProfileViewController.swift in Sources */,
				986B92CE2A2E1B4900B46D69 /* HomeViewController.swift in Sources */,
				986B92D22A2E1B8200B46D69 /* BooksViewController.swift in Sources */,
				986B92D82A2E1BB100B46D69 /* SettingsViewController.swift in Sources */,
			);
			runOnlyForDeploymentPostprocessing = 0;
		};
/* End PBXSourcesBuildPhase section */

/* Begin PBXVariantGroup section */
		98CF217C2A2DA8D10031AF09 /* Main.storyboard */ = {
			isa = PBXVariantGroup;
			children = (
				98CF217D2A2DA8D10031AF09 /* Base */,
			);
			name = Main.storyboard;
			sourceTree = "<group>";
		};
		98CF21812A2DA8D90031AF09 /* LaunchScreen.storyboard */ = {
			isa = PBXVariantGroup;
			children = (
				98CF21822A2DA8D90031AF09 /* Base */,
			);
			name = LaunchScreen.storyboard;
			sourceTree = "<group>";
		};
/* End PBXVariantGroup section */

/* Begin XCBuildConfiguration section */
		98CF21852A2DA8D90031AF09 /* Debug */ = {
			isa = XCBuildConfiguration;
			buildSettings = {
				ALWAYS_SEARCH_USER_PATHS = NO;
				CLANG_ANALYZER_NONNULL = YES;
				CLANG_ANALYZER_NUMBER_OBJECT_CONVERSION = YES_AGGRESSIVE;
				CLANG_CXX_LANGUAGE_STANDARD = "gnu++20";
				CLANG_ENABLE_MODULES = YES;
				CLANG_ENABLE_OBJC_ARC = YES;
				CLANG_ENABLE_OBJC_WEAK = YES;
				CLANG_WARN_BLOCK_CAPTURE_AUTORELEASING = YES;
				CLANG_WARN_BOOL_CONVERSION = YES;
				CLANG_WARN_COMMA = YES;
				CLANG_WARN_CONSTANT_CONVERSION = YES;
				CLANG_WARN_DEPRECATED_OBJC_IMPLEMENTATIONS = YES;
				CLANG_WARN_DIRECT_OBJC_ISA_USAGE = YES_ERROR;
				CLANG_WARN_DOCUMENTATION_COMMENTS = YES;
				CLANG_WARN_EMPTY_BODY = YES;
				CLANG_WARN_ENUM_CONVERSION = YES;
				CLANG_WARN_INFINITE_RECURSION = YES;
				CLANG_WARN_INT_CONVERSION = YES;
				CLANG_WARN_NON_LITERAL_NULL_CONVERSION = YES;
				CLANG_WARN_OBJC_IMPLICIT_RETAIN_SELF = YES;
				CLANG_WARN_OBJC_LITERAL_CONVERSION = YES;
				CLANG_WARN_OBJC_ROOT_CLASS = YES_ERROR;
				CLANG_WARN_QUOTED_INCLUDE_IN_FRAMEWORK_HEADER = YES;
				CLANG_WARN_RANGE_LOOP_ANALYSIS = YES;
				CLANG_WARN_STRICT_PROTOTYPES = YES;
				CLANG_WARN_SUSPICIOUS_MOVE = YES;
				CLANG_WARN_UNGUARDED_AVAILABILITY = YES_AGGRESSIVE;
				CLANG_WARN_UNREACHABLE_CODE = YES;
				CLANG_WARN__DUPLICATE_METHOD_MATCH = YES;
				COPY_PHASE_STRIP = NO;
				DEBUG_INFORMATION_FORMAT = dwarf;
				ENABLE_STRICT_OBJC_MSGSEND = YES;
				ENABLE_TESTABILITY = YES;
				GCC_C_LANGUAGE_STANDARD = gnu11;
				GCC_DYNAMIC_NO_PIC = NO;
				GCC_NO_COMMON_BLOCKS = YES;
				GCC_OPTIMIZATION_LEVEL = 0;
				GCC_PREPROCESSOR_DEFINITIONS = (
					"DEBUG=1",
					"$(inherited)",
				);
				GCC_WARN_64_TO_32_BIT_CONVERSION = YES;
				GCC_WARN_ABOUT_RETURN_TYPE = YES_ERROR;
				GCC_WARN_UNDECLARED_SELECTOR = YES;
				GCC_WARN_UNINITIALIZED_AUTOS = YES_AGGRESSIVE;
				GCC_WARN_UNUSED_FUNCTION = YES;
				GCC_WARN_UNUSED_VARIABLE = YES;
				IPHONEOS_DEPLOYMENT_TARGET = 16.4;
				MTL_ENABLE_DEBUG_INFO = INCLUDE_SOURCE;
				MTL_FAST_MATH = YES;
				ONLY_ACTIVE_ARCH = YES;
				SDKROOT = iphoneos;
				SWIFT_ACTIVE_COMPILATION_CONDITIONS = DEBUG;
				SWIFT_OPTIMIZATION_LEVEL = "-Onone";
			};
			name = Debug;
		};
		98CF21862A2DA8D90031AF09 /* Release */ = {
			isa = XCBuildConfiguration;
			buildSettings = {
				ALWAYS_SEARCH_USER_PATHS = NO;
				CLANG_ANALYZER_NONNULL = YES;
				CLANG_ANALYZER_NUMBER_OBJECT_CONVERSION = YES_AGGRESSIVE;
				CLANG_CXX_LANGUAGE_STANDARD = "gnu++20";
				CLANG_ENABLE_MODULES = YES;
				CLANG_ENABLE_OBJC_ARC = YES;
				CLANG_ENABLE_OBJC_WEAK = YES;
				CLANG_WARN_BLOCK_CAPTURE_AUTORELEASING = YES;
				CLANG_WARN_BOOL_CONVERSION = YES;
				CLANG_WARN_COMMA = YES;
				CLANG_WARN_CONSTANT_CONVERSION = YES;
				CLANG_WARN_DEPRECATED_OBJC_IMPLEMENTATIONS = YES;
				CLANG_WARN_DIRECT_OBJC_ISA_USAGE = YES_ERROR;
				CLANG_WARN_DOCUMENTATION_COMMENTS = YES;
				CLANG_WARN_EMPTY_BODY = YES;
				CLANG_WARN_ENUM_CONVERSION = YES;
				CLANG_WARN_INFINITE_RECURSION = YES;
				CLANG_WARN_INT_CONVERSION = YES;
				CLANG_WARN_NON_LITERAL_NULL_CONVERSION = YES;
				CLANG_WARN_OBJC_IMPLICIT_RETAIN_SELF = YES;
				CLANG_WARN_OBJC_LITERAL_CONVERSION = YES;
				CLANG_WARN_OBJC_ROOT_CLASS = YES_ERROR;
				CLANG_WARN_QUOTED_INCLUDE_IN_FRAMEWORK_HEADER = YES;
				CLANG_WARN_RANGE_LOOP_ANALYSIS = YES;
				CLANG_WARN_STRICT_PROTOTYPES = YES;
				CLANG_WARN_SUSPICIOUS_MOVE = YES;
				CLANG_WARN_UNGUARDED_AVAILABILITY = YES_AGGRESSIVE;
				CLANG_WARN_UNREACHABLE_CODE = YES;
				CLANG_WARN__DUPLICATE_METHOD_MATCH = YES;
				COPY_PHASE_STRIP = NO;
				DEBUG_INFORMATION_FORMAT = "dwarf-with-dsym";
				ENABLE_NS_ASSERTIONS = NO;
				ENABLE_STRICT_OBJC_MSGSEND = YES;
				GCC_C_LANGUAGE_STANDARD = gnu11;
				GCC_NO_COMMON_BLOCKS = YES;
				GCC_WARN_64_TO_32_BIT_CONVERSION = YES;
				GCC_WARN_ABOUT_RETURN_TYPE = YES_ERROR;
				GCC_WARN_UNDECLARED_SELECTOR = YES;
				GCC_WARN_UNINITIALIZED_AUTOS = YES_AGGRESSIVE;
				GCC_WARN_UNUSED_FUNCTION = YES;
				GCC_WARN_UNUSED_VARIABLE = YES;
				IPHONEOS_DEPLOYMENT_TARGET = 16.4;
				MTL_ENABLE_DEBUG_INFO = NO;
				MTL_FAST_MATH = YES;
				SDKROOT = iphoneos;
				SWIFT_COMPILATION_MODE = wholemodule;
				SWIFT_OPTIMIZATION_LEVEL = "-O";
				VALIDATE_PRODUCT = YES;
			};
			name = Release;
		};
		98CF21882A2DA8D90031AF09 /* Debug */ = {
			isa = XCBuildConfiguration;
			baseConfigurationReference = ADB490B834DCD98E92A5D34A /* Pods-Task.debug.xcconfig */;
			buildSettings = {
				ASSETCATALOG_COMPILER_APPICON_NAME = AppIcon;
				ASSETCATALOG_COMPILER_GLOBAL_ACCENT_COLOR_NAME = AccentColor;
				ASSETCATALOG_COMPILER_INCLUDE_ALL_APPICON_ASSETS = YES;
				CODE_SIGN_STYLE = Automatic;
				CURRENT_PROJECT_VERSION = 1;
				GENERATE_INFOPLIST_FILE = YES;
				INFOPLIST_FILE = Task/Info.plist;
				INFOPLIST_KEY_UIApplicationSupportsIndirectInputEvents = YES;
				INFOPLIST_KEY_UILaunchStoryboardName = "";
				INFOPLIST_KEY_UIMainStoryboardFile = Main;
				INFOPLIST_KEY_UISupportedInterfaceOrientations_iPad = "UIInterfaceOrientationPortrait UIInterfaceOrientationPortraitUpsideDown UIInterfaceOrientationLandscapeLeft UIInterfaceOrientationLandscapeRight";
				INFOPLIST_KEY_UISupportedInterfaceOrientations_iPhone = "UIInterfaceOrientationPortrait UIInterfaceOrientationLandscapeLeft UIInterfaceOrientationLandscapeRight";
				LD_RUNPATH_SEARCH_PATHS = (
					"$(inherited)",
					"@executable_path/Frameworks",
				);
				MARKETING_VERSION = 1.0;
				PRODUCT_BUNDLE_IDENTIFIER = something.Task;
				PRODUCT_NAME = "$(TARGET_NAME)";
				SWIFT_EMIT_LOC_STRINGS = YES;
				SWIFT_VERSION = 5.0;
				TARGETED_DEVICE_FAMILY = "1,2";
			};
			name = Debug;
		};
		98CF21892A2DA8D90031AF09 /* Release */ = {
			isa = XCBuildConfiguration;
			baseConfigurationReference = 3339553DC810F849A355416D /* Pods-Task.release.xcconfig */;
			buildSettings = {
				ASSETCATALOG_COMPILER_APPICON_NAME = AppIcon;
				ASSETCATALOG_COMPILER_GLOBAL_ACCENT_COLOR_NAME = AccentColor;
				ASSETCATALOG_COMPILER_INCLUDE_ALL_APPICON_ASSETS = YES;
				CODE_SIGN_STYLE = Automatic;
				CURRENT_PROJECT_VERSION = 1;
				GENERATE_INFOPLIST_FILE = YES;
				INFOPLIST_FILE = Task/Info.plist;
				INFOPLIST_KEY_UIApplicationSupportsIndirectInputEvents = YES;
				INFOPLIST_KEY_UILaunchStoryboardName = "";
				INFOPLIST_KEY_UIMainStoryboardFile = Main;
				INFOPLIST_KEY_UISupportedInterfaceOrientations_iPad = "UIInterfaceOrientationPortrait UIInterfaceOrientationPortraitUpsideDown UIInterfaceOrientationLandscapeLeft UIInterfaceOrientationLandscapeRight";
				INFOPLIST_KEY_UISupportedInterfaceOrientations_iPhone = "UIInterfaceOrientationPortrait UIInterfaceOrientationLandscapeLeft UIInterfaceOrientationLandscapeRight";
				LD_RUNPATH_SEARCH_PATHS = (
					"$(inherited)",
					"@executable_path/Frameworks",
				);
				MARKETING_VERSION = 1.0;
				PRODUCT_BUNDLE_IDENTIFIER = something.Task;
				PRODUCT_NAME = "$(TARGET_NAME)";
				SWIFT_EMIT_LOC_STRINGS = YES;
				SWIFT_VERSION = 5.0;
				TARGETED_DEVICE_FAMILY = "1,2";
			};
			name = Release;
		};
/* End XCBuildConfiguration section */

/* Begin XCConfigurationList section */
		98CF216E2A2DA8D00031AF09 /* Build configuration list for PBXProject "Task" */ = {
			isa = XCConfigurationList;
			buildConfigurations = (
				98CF21852A2DA8D90031AF09 /* Debug */,
				98CF21862A2DA8D90031AF09 /* Release */,
			);
			defaultConfigurationIsVisible = 0;
			defaultConfigurationName = Release;
		};
		98CF21872A2DA8D90031AF09 /* Build configuration list for PBXNativeTarget "Task" */ = {
			isa = XCConfigurationList;
			buildConfigurations = (
				98CF21882A2DA8D90031AF09 /* Debug */,
				98CF21892A2DA8D90031AF09 /* Release */,
			);
			defaultConfigurationIsVisible = 0;
			defaultConfigurationName = Release;
		};
/* End XCConfigurationList section */
	};
	rootObject = 98CF216B2A2DA8CF0031AF09 /* Project object */;
}
